
Microsoft Visual Studio Solution File, Format Version 12.00
# Visual Studio Version 17
VisualStudioVersion = 17.5.33424.131
MinimumVisualStudioVersion = 10.0.40219.1
Project("{FAE04EC0-301F-11D3-BF4B-00C04F79EFBC}") = "BotConfigurator", "BotConfigurator\BotConfigurator.csproj", "{38D64722-72FF-4FAF-A682-235AC9C4F242}"
EndProject
Global
	GlobalSection(SolutionConfigurationPlatforms) = preSolution
		Debug|Any CPU = Debug|Any CPU
		Release|Any CPU = Release|Any CPU
	EndGlobalSection
	GlobalSection(ProjectConfigurationPlatforms) = postSolution
		{38D64722-72FF-4FAF-A682-235AC9C4F242}.Debug|Any CPU.ActiveCfg = Debug|Any CPU
		{38D64722-72FF-4FAF-A682-235AC9C4F242}.Debug|Any CPU.Build.0 = Debug|Any CPU
		{38D64722-72FF-4FAF-A682-235AC9C4F242}.Release|Any CPU.ActiveCfg = Release|Any CPU
		{38D64722-72FF-4FAF-A682-235AC9C4F242}.Release|Any CPU.Build.0 = Release|Any CPU
	EndGlobalSection
	GlobalSection(SolutionProperties) = preSolution
		HideSolutionNode = FALSE
	EndGlobalSection
	GlobalSection(ExtensibilityGlobals) = postSolution
		SolutionGuid = {0A7519BB-001D-4FA4-AF7F-B0B2C13BF04E}
	EndGlobalSection
EndGlobal
